
Microsoft Visual Studio Solution File, Format Version 12.00
# Visual Studio Version 16
VisualStudioVersion = 25.0.1706.8
MinimumVisualStudioVersion = 10.0.40219.1
Project("{FAE04EC0-301F-11D3-BF4B-00C04F79EFBC}") = "ChatBot", "ChatBot.csproj", "{E34597C9-F382-4A5F-B65B-4FF1C29DD51D}"
EndProject
Global
	GlobalSection(SolutionConfigurationPlatforms) = preSolution
		Debug|Any CPU = Debug|Any CPU
		Release|Any CPU = Release|Any CPU
	EndGlobalSection
	GlobalSection(ProjectConfigurationPlatforms) = postSolution
		{E34597C9-F382-4A5F-B65B-4FF1C29DD51D}.Debug|Any CPU.ActiveCfg = Debug|Any CPU
		{E34597C9-F382-4A5F-B65B-4FF1C29DD51D}.Debug|Any CPU.Build.0 = Debug|Any CPU
		{E34597C9-F382-4A5F-B65B-4FF1C29DD51D}.Release|Any CPU.ActiveCfg = Release|Any CPU
		{E34597C9-F382-4A5F-B65B-4FF1C29DD51D}.Release|Any CPU.Build.0 = Release|Any CPU
	EndGlobalSection
	GlobalSection(SolutionProperties) = preSolution
		HideSolutionNode = FALSE
	EndGlobalSection
	GlobalSection(ExtensibilityGlobals) = postSolution
		SolutionGuid = {E8DE9F46-74BA-4047-B225-7CBB820566D4}
	EndGlobalSection
EndGlobal
